// !$*UTF8*$!
{
	archiveVersion = 1;
	classes = {
	};
	objectVersion = 46;
	objects = {

/* Begin PBXBuildFile section */
		FA21820B198D10990012A94F /* Foundation.framework in Frameworks */ = {isa = PBXBuildFile; fileRef = FA21820A198D10990012A94F /* Foundation.framework */; };
		FA21820D198D10990012A94F /* CoreGraphics.framework in Frameworks */ = {isa = PBXBuildFile; fileRef = FA21820C198D10990012A94F /* CoreGraphics.framework */; };
		FA21820F198D10990012A94F /* UIKit.framework in Frameworks */ = {isa = PBXBuildFile; fileRef = FA21820E198D10990012A94F /* UIKit.framework */; };
		FA218211198D10990012A94F /* SpriteKit.framework in Frameworks */ = {isa = PBXBuildFile; fileRef = FA218210198D10990012A94F /* SpriteKit.framework */; };
		FA218217198D10990012A94F /* InfoPlist.strings in Resources */ = {isa = PBXBuildFile; fileRef = FA218215198D10990012A94F /* InfoPlist.strings */; };
		FA218219198D10990012A94F /* main.m in Sources */ = {isa = PBXBuildFile; fileRef = FA218218198D10990012A94F /* main.m */; };
		FA21821D198D10990012A94F /* YBAppDelegate.m in Sources */ = {isa = PBXBuildFile; fileRef = FA21821C198D10990012A94F /* YBAppDelegate.m */; };
		FA218220198D10990012A94F /* Main.storyboard in Resources */ = {isa = PBXBuildFile; fileRef = FA21821E198D10990012A94F /* Main.storyboard */; };
		FA218223198D10990012A94F /* YBViewController.m in Sources */ = {isa = PBXBuildFile; fileRef = FA218222198D10990012A94F /* YBViewController.m */; };
		FA218226198D10990012A94F /* YBMyScene.m in Sources */ = {isa = PBXBuildFile; fileRef = FA218225198D10990012A94F /* YBMyScene.m */; };
		FA218231198D10990012A94F /* XCTest.framework in Frameworks */ = {isa = PBXBuildFile; fileRef = FA218230198D10990012A94F /* XCTest.framework */; };
		FA218232198D10990012A94F /* Foundation.framework in Frameworks */ = {isa = PBXBuildFile; fileRef = FA21820A198D10990012A94F /* Foundation.framework */; };
		FA218233198D10990012A94F /* UIKit.framework in Frameworks */ = {isa = PBXBuildFile; fileRef = FA21820E198D10990012A94F /* UIKit.framework */; };
		FA21823B198D10990012A94F /* InfoPlist.strings in Resources */ = {isa = PBXBuildFile; fileRef = FA218239198D10990012A94F /* InfoPlist.strings */; };
		FA21823D198D10990012A94F /* FlappyKanyeTests.m in Sources */ = {isa = PBXBuildFile; fileRef = FA21823C198D10990012A94F /* FlappyKanyeTests.m */; };
		FA218265198D12930012A94F /* sprites.atlas in Resources */ = {isa = PBXBuildFile; fileRef = FA218249198D12930012A94F /* sprites.atlas */; };
		FA218266198D12930012A94F /* SKAction+SKTExtras.m in Sources */ = {isa = PBXBuildFile; fileRef = FA21824C198D12930012A94F /* SKAction+SKTExtras.m */; };
		FA218267198D12930012A94F /* SKAction+SKTSpecialEffects.m in Sources */ = {isa = PBXBuildFile; fileRef = FA21824E198D12930012A94F /* SKAction+SKTSpecialEffects.m */; };
		FA218268198D12930012A94F /* SKEmitterNode+SKTExtras.m in Sources */ = {isa = PBXBuildFile; fileRef = FA218250198D12930012A94F /* SKEmitterNode+SKTExtras.m */; };
		FA218269198D12930012A94F /* SKNode+SKTDebugDraw.m in Sources */ = {isa = PBXBuildFile; fileRef = FA218252198D12930012A94F /* SKNode+SKTDebugDraw.m */; };
		FA21826A198D12930012A94F /* SKNode+SKTExtras.m in Sources */ = {isa = PBXBuildFile; fileRef = FA218254198D12930012A94F /* SKNode+SKTExtras.m */; };
		FA21826B198D12930012A94F /* SKTAudio.m in Sources */ = {isa = PBXBuildFile; fileRef = FA218256198D12930012A94F /* SKTAudio.m */; };
		FA21826C198D12930012A94F /* SKTEffects.m in Sources */ = {isa = PBXBuildFile; fileRef = FA218258198D12930012A94F /* SKTEffects.m */; };
		FA21826D198D12930012A94F /* SKTTimingFunctions.m in Sources */ = {isa = PBXBuildFile; fileRef = FA21825A198D12930012A94F /* SKTTimingFunctions.m */; };
		FA21826E198D12930012A94F /* coin.wav in Resources */ = {isa = PBXBuildFile; fileRef = FA21825D198D12930012A94F /* coin.wav */; };
		FA21826F198D12930012A94F /* ding.wav in Resources */ = {isa = PBXBuildFile; fileRef = FA21825E198D12930012A94F /* ding.wav */; };
		FA218273198D12930012A94F /* pop.wav in Resources */ = {isa = PBXBuildFile; fileRef = FA218262198D12930012A94F /* pop.wav */; };
		FA32FA8A199960DF00B712BF /* assets.atlas in Resources */ = {isa = PBXBuildFile; fileRef = FA32FA89199960DF00B712BF /* assets.atlas */; };
		FAC1A83D199A86A500D35B9A /* Images.xcassets in Resources */ = {isa = PBXBuildFile; fileRef = FAC1A83C199A86A500D35B9A /* Images.xcassets */; };
		FAC1A840199B7F2500D35B9A /* falling.wav in Resources */ = {isa = PBXBuildFile; fileRef = FAC1A83F199B7F2500D35B9A /* falling.wav */; };
		FAC1A842199B7FD300D35B9A /* intro.wav in Resources */ = {isa = PBXBuildFile; fileRef = FAC1A841199B7FD300D35B9A /* intro.wav */; };
		FAC1A844199B803400D35B9A /* whack.wav in Resources */ = {isa = PBXBuildFile; fileRef = FAC1A843199B803400D35B9A /* whack.wav */; };
		FAF00AAA199BF5D400311F6C /* flapping.wav in Resources */ = {isa = PBXBuildFile; fileRef = FAF00AA9199BF5D400311F6C /* flapping.wav */; };
		FAF00AAC199BF80900311F6C /* hitGround.wav in Resources */ = {isa = PBXBuildFile; fileRef = FAF00AAB199BF80900311F6C /* hitGround.wav */; };
/* End PBXBuildFile section */

/* Begin PBXContainerItemProxy section */
		FA218234198D10990012A94F /* PBXContainerItemProxy */ = {
			isa = PBXContainerItemProxy;
			containerPortal = FA2181FF198D10980012A94F /* Project object */;
			proxyType = 1;
			remoteGlobalIDString = FA218206198D10990012A94F;
			remoteInfo = FlappyKanye;
		};
/* End PBXContainerItemProxy section */

/* Begin PBXFileReference section */
		FA218207198D10990012A94F /* FlappyKanye.app */ = {isa = PBXFileReference; explicitFileType = wrapper.application; includeInIndex = 0; path = FlappyKanye.app; sourceTree = BUILT_PRODUCTS_DIR; };
		FA21820A198D10990012A94F /* Foundation.framework */ = {isa = PBXFileReference; lastKnownFileType = wrapper.framework; name = Foundation.framework; path = System/Library/Frameworks/Foundation.framework; sourceTree = SDKROOT; };
		FA21820C198D10990012A94F /* CoreGraphics.framework */ = {isa = PBXFileReference; lastKnownFileType = wrapper.framework; name = CoreGraphics.framework; path = System/Library/Frameworks/CoreGraphics.framework; sourceTree = SDKROOT; };
		FA21820E198D10990012A94F /* UIKit.framework */ = {isa = PBXFileReference; lastKnownFileType = wrapper.framework; name = UIKit.framework; path = System/Library/Frameworks/UIKit.framework; sourceTree = SDKROOT; };
		FA218210198D10990012A94F /* SpriteKit.framework */ = {isa = PBXFileReference; lastKnownFileType = wrapper.framework; name = SpriteKit.framework; path = System/Library/Frameworks/SpriteKit.framework; sourceTree = SDKROOT; };
		FA218214198D10990012A94F /* FlappyKanye-Info.plist */ = {isa = PBXFileReference; lastKnownFileType = text.plist.xml; path = "FlappyKanye-Info.plist"; sourceTree = "<group>"; };
		FA218216198D10990012A94F /* en */ = {isa = PBXFileReference; lastKnownFileType = text.plist.strings; name = en; path = en.lproj/InfoPlist.strings; sourceTree = "<group>"; };
		FA218218198D10990012A94F /* main.m */ = {isa = PBXFileReference; lastKnownFileType = sourcecode.c.objc; path = main.m; sourceTree = "<group>"; };
		FA21821A198D10990012A94F /* FlappyKanye-Prefix.pch */ = {isa = PBXFileReference; lastKnownFileType = sourcecode.c.h; path = "FlappyKanye-Prefix.pch"; sourceTree = "<group>"; };
		FA21821B198D10990012A94F /* YBAppDelegate.h */ = {isa = PBXFileReference; lastKnownFileType = sourcecode.c.h; path = YBAppDelegate.h; sourceTree = "<group>"; };
		FA21821C198D10990012A94F /* YBAppDelegate.m */ = {isa = PBXFileReference; lastKnownFileType = sourcecode.c.objc; path = YBAppDelegate.m; sourceTree = "<group>"; };
		FA21821F198D10990012A94F /* Base */ = {isa = PBXFileReference; lastKnownFileType = file.storyboard; name = Base; path = Base.lproj/Main.storyboard; sourceTree = "<group>"; };
		FA218221198D10990012A94F /* YBViewController.h */ = {isa = PBXFileReference; lastKnownFileType = sourcecode.c.h; path = YBViewController.h; sourceTree = "<group>"; };
		FA218222198D10990012A94F /* YBViewController.m */ = {isa = PBXFileReference; lastKnownFileType = sourcecode.c.objc; path = YBViewController.m; sourceTree = "<group>"; };
		FA218224198D10990012A94F /* YBMyScene.h */ = {isa = PBXFileReference; lastKnownFileType = sourcecode.c.h; path = YBMyScene.h; sourceTree = "<group>"; };
		FA218225198D10990012A94F /* YBMyScene.m */ = {isa = PBXFileReference; lastKnownFileType = sourcecode.c.objc; path = YBMyScene.m; sourceTree = "<group>"; };
		FA21822F198D10990012A94F /* FlappyKanyeTests.xctest */ = {isa = PBXFileReference; explicitFileType = wrapper.cfbundle; includeInIndex = 0; path = FlappyKanyeTests.xctest; sourceTree = BUILT_PRODUCTS_DIR; };
		FA218230198D10990012A94F /* XCTest.framework */ = {isa = PBXFileReference; lastKnownFileType = wrapper.framework; name = XCTest.framework; path = Library/Frameworks/XCTest.framework; sourceTree = DEVELOPER_DIR; };
		FA218238198D10990012A94F /* FlappyKanyeTests-Info.plist */ = {isa = PBXFileReference; lastKnownFileType = text.plist.xml; path = "FlappyKanyeTests-Info.plist"; sourceTree = "<group>"; };
		FA21823A198D10990012A94F /* en */ = {isa = PBXFileReference; lastKnownFileType = text.plist.strings; name = en; path = en.lproj/InfoPlist.strings; sourceTree = "<group>"; };
		FA21823C198D10990012A94F /* FlappyKanyeTests.m */ = {isa = PBXFileReference; lastKnownFileType = sourcecode.c.objc; path = FlappyKanyeTests.m; sourceTree = "<group>"; };
		FA218249198D12930012A94F /* sprites.atlas */ = {isa = PBXFileReference; lastKnownFileType = folder.skatlas; path = sprites.atlas; sourceTree = "<group>"; };
		FA21824B198D12930012A94F /* SKAction+SKTExtras.h */ = {isa = PBXFileReference; fileEncoding = 4; lastKnownFileType = sourcecode.c.h; path = "SKAction+SKTExtras.h"; sourceTree = "<group>"; };
		FA21824C198D12930012A94F /* SKAction+SKTExtras.m */ = {isa = PBXFileReference; fileEncoding = 4; lastKnownFileType = sourcecode.c.objc; path = "SKAction+SKTExtras.m"; sourceTree = "<group>"; };
		FA21824D198D12930012A94F /* SKAction+SKTSpecialEffects.h */ = {isa = PBXFileReference; fileEncoding = 4; lastKnownFileType = sourcecode.c.h; path = "SKAction+SKTSpecialEffects.h"; sourceTree = "<group>"; };
		FA21824E198D12930012A94F /* SKAction+SKTSpecialEffects.m */ = {isa = PBXFileReference; fileEncoding = 4; lastKnownFileType = sourcecode.c.objc; path = "SKAction+SKTSpecialEffects.m"; sourceTree = "<group>"; };
		FA21824F198D12930012A94F /* SKEmitterNode+SKTExtras.h */ = {isa = PBXFileReference; fileEncoding = 4; lastKnownFileType = sourcecode.c.h; path = "SKEmitterNode+SKTExtras.h"; sourceTree = "<group>"; };
		FA218250198D12930012A94F /* SKEmitterNode+SKTExtras.m */ = {isa = PBXFileReference; fileEncoding = 4; lastKnownFileType = sourcecode.c.objc; path = "SKEmitterNode+SKTExtras.m"; sourceTree = "<group>"; };
		FA218251198D12930012A94F /* SKNode+SKTDebugDraw.h */ = {isa = PBXFileReference; fileEncoding = 4; lastKnownFileType = sourcecode.c.h; path = "SKNode+SKTDebugDraw.h"; sourceTree = "<group>"; };
		FA218252198D12930012A94F /* SKNode+SKTDebugDraw.m */ = {isa = PBXFileReference; fileEncoding = 4; lastKnownFileType = sourcecode.c.objc; path = "SKNode+SKTDebugDraw.m"; sourceTree = "<group>"; };
		FA218253198D12930012A94F /* SKNode+SKTExtras.h */ = {isa = PBXFileReference; fileEncoding = 4; lastKnownFileType = sourcecode.c.h; path = "SKNode+SKTExtras.h"; sourceTree = "<group>"; };
		FA218254198D12930012A94F /* SKNode+SKTExtras.m */ = {isa = PBXFileReference; fileEncoding = 4; lastKnownFileType = sourcecode.c.objc; path = "SKNode+SKTExtras.m"; sourceTree = "<group>"; };
		FA218255198D12930012A94F /* SKTAudio.h */ = {isa = PBXFileReference; fileEncoding = 4; lastKnownFileType = sourcecode.c.h; path = SKTAudio.h; sourceTree = "<group>"; };
		FA218256198D12930012A94F /* SKTAudio.m */ = {isa = PBXFileReference; fileEncoding = 4; lastKnownFileType = sourcecode.c.objc; path = SKTAudio.m; sourceTree = "<group>"; };
		FA218257198D12930012A94F /* SKTEffects.h */ = {isa = PBXFileReference; fileEncoding = 4; lastKnownFileType = sourcecode.c.h; path = SKTEffects.h; sourceTree = "<group>"; };
		FA218258198D12930012A94F /* SKTEffects.m */ = {isa = PBXFileReference; fileEncoding = 4; lastKnownFileType = sourcecode.c.objc; path = SKTEffects.m; sourceTree = "<group>"; };
		FA218259198D12930012A94F /* SKTTimingFunctions.h */ = {isa = PBXFileReference; fileEncoding = 4; lastKnownFileType = sourcecode.c.h; path = SKTTimingFunctions.h; sourceTree = "<group>"; };
		FA21825A198D12930012A94F /* SKTTimingFunctions.m */ = {isa = PBXFileReference; fileEncoding = 4; lastKnownFileType = sourcecode.c.objc; path = SKTTimingFunctions.m; sourceTree = "<group>"; };
		FA21825B198D12930012A94F /* SKTUtils.h */ = {isa = PBXFileReference; fileEncoding = 4; lastKnownFileType = sourcecode.c.h; path = SKTUtils.h; sourceTree = "<group>"; };
		FA21825D198D12930012A94F /* coin.wav */ = {isa = PBXFileReference; lastKnownFileType = audio.wav; path = coin.wav; sourceTree = "<group>"; };
		FA21825E198D12930012A94F /* ding.wav */ = {isa = PBXFileReference; lastKnownFileType = audio.wav; path = ding.wav; sourceTree = "<group>"; };
		FA218262198D12930012A94F /* pop.wav */ = {isa = PBXFileReference; lastKnownFileType = audio.wav; path = pop.wav; sourceTree = "<group>"; };
		FA32FA89199960DF00B712BF /* assets.atlas */ = {isa = PBXFileReference; lastKnownFileType = folder.skatlas; path = assets.atlas; sourceTree = "<group>"; };
		FAC1A83C199A86A500D35B9A /* Images.xcassets */ = {isa = PBXFileReference; lastKnownFileType = folder.assetcatalog; path = Images.xcassets; sourceTree = "<group>"; };
		FAC1A83F199B7F2500D35B9A /* falling.wav */ = {isa = PBXFileReference; lastKnownFileType = audio.wav; path = falling.wav; sourceTree = "<group>"; };
		FAC1A841199B7FD300D35B9A /* intro.wav */ = {isa = PBXFileReference; lastKnownFileType = audio.wav; path = intro.wav; sourceTree = "<group>"; };
		FAC1A843199B803400D35B9A /* whack.wav */ = {isa = PBXFileReference; lastKnownFileType = audio.wav; path = whack.wav; sourceTree = "<group>"; };
		FAF00AA9199BF5D400311F6C /* flapping.wav */ = {isa = PBXFileReference; lastKnownFileType = audio.wav; path = flapping.wav; sourceTree = "<group>"; };
		FAF00AAB199BF80900311F6C /* hitGround.wav */ = {isa = PBXFileReference; lastKnownFileType = audio.wav; path = hitGround.wav; sourceTree = "<group>"; };
/* End PBXFileReference section */

/* Begin PBXFrameworksBuildPhase section */
		FA218204198D10990012A94F /* Frameworks */ = {
			isa = PBXFrameworksBuildPhase;
			buildActionMask = 2147483647;
			files = (
				FA21820D198D10990012A94F /* CoreGraphics.framework in Frameworks */,
				FA21820F198D10990012A94F /* UIKit.framework in Frameworks */,
				FA218211198D10990012A94F /* SpriteKit.framework in Frameworks */,
				FA21820B198D10990012A94F /* Foundation.framework in Frameworks */,
			);
			runOnlyForDeploymentPostprocessing = 0;
		};
		FA21822C198D10990012A94F /* Frameworks */ = {
			isa = PBXFrameworksBuildPhase;
			buildActionMask = 2147483647;
			files = (
				FA218231198D10990012A94F /* XCTest.framework in Frameworks */,
				FA218233198D10990012A94F /* UIKit.framework in Frameworks */,
				FA218232198D10990012A94F /* Foundation.framework in Frameworks */,
			);
			runOnlyForDeploymentPostprocessing = 0;
		};
/* End PBXFrameworksBuildPhase section */

/* Begin PBXGroup section */
		FA2181FE198D10980012A94F = {
			isa = PBXGroup;
			children = (
				FA218212198D10990012A94F /* FlappyKanye */,
				FA218236198D10990012A94F /* FlappyKanyeTests */,
				FA218209198D10990012A94F /* Frameworks */,
				FA218208198D10990012A94F /* Products */,
			);
			sourceTree = "<group>";
		};
		FA218208198D10990012A94F /* Products */ = {
			isa = PBXGroup;
			children = (
				FA218207198D10990012A94F /* FlappyKanye.app */,
				FA21822F198D10990012A94F /* FlappyKanyeTests.xctest */,
			);
			name = Products;
			sourceTree = "<group>";
		};
		FA218209198D10990012A94F /* Frameworks */ = {
			isa = PBXGroup;
			children = (
				FA21820A198D10990012A94F /* Foundation.framework */,
				FA21820C198D10990012A94F /* CoreGraphics.framework */,
				FA21820E198D10990012A94F /* UIKit.framework */,
				FA218210198D10990012A94F /* SpriteKit.framework */,
				FA218230198D10990012A94F /* XCTest.framework */,
			);
			name = Frameworks;
			sourceTree = "<group>";
		};
		FA218212198D10990012A94F /* FlappyKanye */ = {
			isa = PBXGroup;
			children = (
				FA218246198D12930012A94F /* Resources */,
				FA21821B198D10990012A94F /* YBAppDelegate.h */,
				FA21821C198D10990012A94F /* YBAppDelegate.m */,
				FA21821E198D10990012A94F /* Main.storyboard */,
				FA218221198D10990012A94F /* YBViewController.h */,
				FA218222198D10990012A94F /* YBViewController.m */,
				FA218224198D10990012A94F /* YBMyScene.h */,
				FA218225198D10990012A94F /* YBMyScene.m */,
				FAC1A83C199A86A500D35B9A /* Images.xcassets */,
				FA218213198D10990012A94F /* Supporting Files */,
			);
			path = FlappyKanye;
			sourceTree = "<group>";
		};
		FA218213198D10990012A94F /* Supporting Files */ = {
			isa = PBXGroup;
			children = (
				FA218214198D10990012A94F /* FlappyKanye-Info.plist */,
				FA218215198D10990012A94F /* InfoPlist.strings */,
				FA218218198D10990012A94F /* main.m */,
				FA21821A198D10990012A94F /* FlappyKanye-Prefix.pch */,
			);
			name = "Supporting Files";
			sourceTree = "<group>";
		};
		FA218236198D10990012A94F /* FlappyKanyeTests */ = {
			isa = PBXGroup;
			children = (
				FA21823C198D10990012A94F /* FlappyKanyeTests.m */,
				FA218237198D10990012A94F /* Supporting Files */,
			);
			path = FlappyKanyeTests;
			sourceTree = "<group>";
		};
		FA218237198D10990012A94F /* Supporting Files */ = {
			isa = PBXGroup;
			children = (
				FA218238198D10990012A94F /* FlappyKanyeTests-Info.plist */,
				FA218239198D10990012A94F /* InfoPlist.strings */,
			);
			name = "Supporting Files";
			sourceTree = "<group>";
		};
		FA218246198D12930012A94F /* Resources */ = {
			isa = PBXGroup;
			children = (
				FA218247198D12930012A94F /* SceneArt */,
				FA21824A198D12930012A94F /* SKTUtils */,
				FA21825C198D12930012A94F /* Sounds */,
			);
			path = Resources;
			sourceTree = "<group>";
		};
		FA218247198D12930012A94F /* SceneArt */ = {
			isa = PBXGroup;
			children = (
				FA32FA89199960DF00B712BF /* assets.atlas */,
				FA218249198D12930012A94F /* sprites.atlas */,
			);
			name = SceneArt;
			path = Art;
			sourceTree = "<group>";
		};
		FA21824A198D12930012A94F /* SKTUtils */ = {
			isa = PBXGroup;
			children = (
				FA21824B198D12930012A94F /* SKAction+SKTExtras.h */,
				FA21824C198D12930012A94F /* SKAction+SKTExtras.m */,
				FA21824D198D12930012A94F /* SKAction+SKTSpecialEffects.h */,
				FA21824E198D12930012A94F /* SKAction+SKTSpecialEffects.m */,
				FA21824F198D12930012A94F /* SKEmitterNode+SKTExtras.h */,
				FA218250198D12930012A94F /* SKEmitterNode+SKTExtras.m */,
				FA218251198D12930012A94F /* SKNode+SKTDebugDraw.h */,
				FA218252198D12930012A94F /* SKNode+SKTDebugDraw.m */,
				FA218253198D12930012A94F /* SKNode+SKTExtras.h */,
				FA218254198D12930012A94F /* SKNode+SKTExtras.m */,
				FA218255198D12930012A94F /* SKTAudio.h */,
				FA218256198D12930012A94F /* SKTAudio.m */,
				FA218257198D12930012A94F /* SKTEffects.h */,
				FA218258198D12930012A94F /* SKTEffects.m */,
				FA218259198D12930012A94F /* SKTTimingFunctions.h */,
				FA21825A198D12930012A94F /* SKTTimingFunctions.m */,
				FA21825B198D12930012A94F /* SKTUtils.h */,
			);
			path = SKTUtils;
			sourceTree = "<group>";
		};
		FA21825C198D12930012A94F /* Sounds */ = {
			isa = PBXGroup;
			children = (
				FAC1A841199B7FD300D35B9A /* intro.wav */,
				FA21825D198D12930012A94F /* coin.wav */,
				FAF00AA9199BF5D400311F6C /* flapping.wav */,
				FAC1A83F199B7F2500D35B9A /* falling.wav */,
				FAF00AAB199BF80900311F6C /* hitGround.wav */,
				FA21825E198D12930012A94F /* ding.wav */,
				FA218262198D12930012A94F /* pop.wav */,
				FAC1A843199B803400D35B9A /* whack.wav */,
			);
			path = Sounds;
			sourceTree = "<group>";
		};
/* End PBXGroup section */

/* Begin PBXNativeTarget section */
		FA218206198D10990012A94F /* FlappyKanye */ = {
			isa = PBXNativeTarget;
			buildConfigurationList = FA218240198D10990012A94F /* Build configuration list for PBXNativeTarget "FlappyKanye" */;
			buildPhases = (
				FA218203198D10990012A94F /* Sources */,
				FA218204198D10990012A94F /* Frameworks */,
				FA218205198D10990012A94F /* Resources */,
			);
			buildRules = (
			);
			dependencies = (
			);
			name = FlappyKanye;
			productName = FlappyKanye;
			productReference = FA218207198D10990012A94F /* FlappyKanye.app */;
			productType = "com.apple.product-type.application";
		};
		FA21822E198D10990012A94F /* FlappyKanyeTests */ = {
			isa = PBXNativeTarget;
			buildConfigurationList = FA218243198D10990012A94F /* Build configuration list for PBXNativeTarget "FlappyKanyeTests" */;
			buildPhases = (
				FA21822B198D10990012A94F /* Sources */,
				FA21822C198D10990012A94F /* Frameworks */,
				FA21822D198D10990012A94F /* Resources */,
			);
			buildRules = (
			);
			dependencies = (
				FA218235198D10990012A94F /* PBXTargetDependency */,
			);
			name = FlappyKanyeTests;
			productName = FlappyKanyeTests;
			productReference = FA21822F198D10990012A94F /* FlappyKanyeTests.xctest */;
			productType = "com.apple.product-type.bundle.unit-test";
		};
/* End PBXNativeTarget section */

/* Begin PBXProject section */
		FA2181FF198D10980012A94F /* Project object */ = {
			isa = PBXProject;
			attributes = {
				CLASSPREFIX = YB;
				LastUpgradeCheck = 0510;
				ORGANIZATIONNAME = "Builtby Destiny";
				TargetAttributes = {
					FA218206198D10990012A94F = {
						DevelopmentTeam = W4G4MN4RCB;
					};
					FA21822E198D10990012A94F = {
						TestTargetID = FA218206198D10990012A94F;
					};
				};
			};
			buildConfigurationList = FA218202198D10980012A94F /* Build configuration list for PBXProject "FlappyKanye" */;
			compatibilityVersion = "Xcode 3.2";
			developmentRegion = English;
			hasScannedForEncodings = 0;
			knownRegions = (
				en,
				Base,
			);
			mainGroup = FA2181FE198D10980012A94F;
			productRefGroup = FA218208198D10990012A94F /* Products */;
			projectDirPath = "";
			projectRoot = "";
			targets = (
				FA218206198D10990012A94F /* FlappyKanye */,
				FA21822E198D10990012A94F /* FlappyKanyeTests */,
			);
		};
/* End PBXProject section */

/* Begin PBXResourcesBuildPhase section */
		FA218205198D10990012A94F /* Resources */ = {
			isa = PBXResourcesBuildPhase;
			buildActionMask = 2147483647;
			files = (
				FA218217198D10990012A94F /* InfoPlist.strings in Resources */,
				FA21826E198D12930012A94F /* coin.wav in Resources */,
				FA32FA8A199960DF00B712BF /* assets.atlas in Resources */,
				FA218273198D12930012A94F /* pop.wav in Resources */,
				FA218265198D12930012A94F /* sprites.atlas in Resources */,
				FA21826F198D12930012A94F /* ding.wav in Resources */,
				FAC1A840199B7F2500D35B9A /* falling.wav in Resources */,
				FAC1A83D199A86A500D35B9A /* Images.xcassets in Resources */,
				FAF00AAA199BF5D400311F6C /* flapping.wav in Resources */,
				FAC1A842199B7FD300D35B9A /* intro.wav in Resources */,
				FAF00AAC199BF80900311F6C /* hitGround.wav in Resources */,
				FA218220198D10990012A94F /* Main.storyboard in Resources */,
				FAC1A844199B803400D35B9A /* whack.wav in Resources */,
			);
			runOnlyForDeploymentPostprocessing = 0;
		};
		FA21822D198D10990012A94F /* Resources */ = {
			isa = PBXResourcesBuildPhase;
			buildActionMask = 2147483647;
			files = (
				FA21823B198D10990012A94F /* InfoPlist.strings in Resources */,
			);
			runOnlyForDeploymentPostprocessing = 0;
		};
/* End PBXResourcesBuildPhase section */

/* Begin PBXSourcesBuildPhase section */
		FA218203198D10990012A94F /* Sources */ = {
			isa = PBXSourcesBuildPhase;
			buildActionMask = 2147483647;
			files = (
				FA218219198D10990012A94F /* main.m in Sources */,
				FA21826C198D12930012A94F /* SKTEffects.m in Sources */,
				FA21826A198D12930012A94F /* SKNode+SKTExtras.m in Sources */,
				FA218226198D10990012A94F /* YBMyScene.m in Sources */,
				FA218268198D12930012A94F /* SKEmitterNode+SKTExtras.m in Sources */,
				FA218266198D12930012A94F /* SKAction+SKTExtras.m in Sources */,
				FA21826D198D12930012A94F /* SKTTimingFunctions.m in Sources */,
				FA218223198D10990012A94F /* YBViewController.m in Sources */,
				FA21821D198D10990012A94F /* YBAppDelegate.m in Sources */,
				FA218269198D12930012A94F /* SKNode+SKTDebugDraw.m in Sources */,
				FA218267198D12930012A94F /* SKAction+SKTSpecialEffects.m in Sources */,
				FA21826B198D12930012A94F /* SKTAudio.m in Sources */,
			);
			runOnlyForDeploymentPostprocessing = 0;
		};
		FA21822B198D10990012A94F /* Sources */ = {
			isa = PBXSourcesBuildPhase;
			buildActionMask = 2147483647;
			files = (
				FA21823D198D10990012A94F /* FlappyKanyeTests.m in Sources */,
			);
			runOnlyForDeploymentPostprocessing = 0;
		};
/* End PBXSourcesBuildPhase section */

/* Begin PBXTargetDependency section */
		FA218235198D10990012A94F /* PBXTargetDependency */ = {
			isa = PBXTargetDependency;
			target = FA218206198D10990012A94F /* FlappyKanye */;
			targetProxy = FA218234198D10990012A94F /* PBXContainerItemProxy */;
		};
/* End PBXTargetDependency section */

/* Begin PBXVariantGroup section */
		FA218215198D10990012A94F /* InfoPlist.strings */ = {
			isa = PBXVariantGroup;
			children = (
				FA218216198D10990012A94F /* en */,
			);
			name = InfoPlist.strings;
			sourceTree = "<group>";
		};
		FA21821E198D10990012A94F /* Main.storyboard */ = {
			isa = PBXVariantGroup;
			children = (
				FA21821F198D10990012A94F /* Base */,
			);
			name = Main.storyboard;
			sourceTree = "<group>";
		};
		FA218239198D10990012A94F /* InfoPlist.strings */ = {
			isa = PBXVariantGroup;
			children = (
				FA21823A198D10990012A94F /* en */,
			);
			name = InfoPlist.strings;
			sourceTree = "<group>";
		};
/* End PBXVariantGroup section */

/* Begin XCBuildConfiguration section */
		FA21823E198D10990012A94F /* Debug */ = {
			isa = XCBuildConfiguration;
			buildSettings = {
				ALWAYS_SEARCH_USER_PATHS = NO;
				CLANG_CXX_LANGUAGE_STANDARD = "gnu++0x";
				CLANG_CXX_LIBRARY = "libc++";
				CLANG_ENABLE_MODULES = YES;
				CLANG_ENABLE_OBJC_ARC = YES;
				CLANG_WARN_BOOL_CONVERSION = YES;
				CLANG_WARN_CONSTANT_CONVERSION = YES;
				CLANG_WARN_DIRECT_OBJC_ISA_USAGE = YES_ERROR;
				CLANG_WARN_EMPTY_BODY = YES;
				CLANG_WARN_ENUM_CONVERSION = YES;
				CLANG_WARN_INT_CONVERSION = YES;
				CLANG_WARN_OBJC_ROOT_CLASS = YES_ERROR;
				CLANG_WARN__DUPLICATE_METHOD_MATCH = YES;
				"CODE_SIGN_IDENTITY[sdk=iphoneos*]" = "iPhone Developer: Destiny Makuyana (4AD7C9TLAS)";
				COPY_PHASE_STRIP = NO;
				GCC_C_LANGUAGE_STANDARD = gnu99;
				GCC_DYNAMIC_NO_PIC = NO;
				GCC_OPTIMIZATION_LEVEL = 0;
				GCC_PREPROCESSOR_DEFINITIONS = (
					"DEBUG=1",
					"$(inherited)",
				);
				GCC_SYMBOLS_PRIVATE_EXTERN = NO;
				GCC_WARN_64_TO_32_BIT_CONVERSION = YES;
				GCC_WARN_ABOUT_RETURN_TYPE = YES_ERROR;
				GCC_WARN_UNDECLARED_SELECTOR = YES;
				GCC_WARN_UNINITIALIZED_AUTOS = YES_AGGRESSIVE;
				GCC_WARN_UNUSED_FUNCTION = YES;
				GCC_WARN_UNUSED_VARIABLE = YES;
				IPHONEOS_DEPLOYMENT_TARGET = 7.0;
				ONLY_ACTIVE_ARCH = YES;
				PROVISIONING_PROFILE = "452b3593-669a-4537-a22e-5240448bdd89";
				SDKROOT = iphoneos;
			};
			name = Debug;
		};
		FA21823F198D10990012A94F /* Release */ = {
			isa = XCBuildConfiguration;
			buildSettings = {
				ALWAYS_SEARCH_USER_PATHS = NO;
				CLANG_CXX_LANGUAGE_STANDARD = "gnu++0x";
				CLANG_CXX_LIBRARY = "libc++";
				CLANG_ENABLE_MODULES = YES;
				CLANG_ENABLE_OBJC_ARC = YES;
				CLANG_WARN_BOOL_CONVERSION = YES;
				CLANG_WARN_CONSTANT_CONVERSION = YES;
				CLANG_WARN_DIRECT_OBJC_ISA_USAGE = YES_ERROR;
				CLANG_WARN_EMPTY_BODY = YES;
				CLANG_WARN_ENUM_CONVERSION = YES;
				CLANG_WARN_INT_CONVERSION = YES;
				CLANG_WARN_OBJC_ROOT_CLASS = YES_ERROR;
				CLANG_WARN__DUPLICATE_METHOD_MATCH = YES;
				CODE_SIGN_IDENTITY = "iPhone Distribution: Destiny Makuyana (W4G4MN4RCB)";
				"CODE_SIGN_IDENTITY[sdk=iphoneos*]" = "iPhone Distribution: Destiny Makuyana (W4G4MN4RCB)";
				COPY_PHASE_STRIP = YES;
				ENABLE_NS_ASSERTIONS = NO;
				GCC_C_LANGUAGE_STANDARD = gnu99;
				GCC_WARN_64_TO_32_BIT_CONVERSION = YES;
				GCC_WARN_ABOUT_RETURN_TYPE = YES_ERROR;
				GCC_WARN_UNDECLARED_SELECTOR = YES;
				GCC_WARN_UNINITIALIZED_AUTOS = YES_AGGRESSIVE;
				GCC_WARN_UNUSED_FUNCTION = YES;
				GCC_WARN_UNUSED_VARIABLE = YES;
				IPHONEOS_DEPLOYMENT_TARGET = 7.0;
				PROVISIONING_PROFILE = "452b3593-669a-4537-a22e-5240448bdd89";
				SDKROOT = iphoneos;
				VALIDATE_PRODUCT = YES;
			};
			name = Release;
		};
		FA218241198D10990012A94F /* Debug */ = {
			isa = XCBuildConfiguration;
			buildSettings = {
				ASSETCATALOG_COMPILER_APPICON_NAME = AppIcon;
				ASSETCATALOG_COMPILER_LAUNCHIMAGE_NAME = LaunchImage;
				CODE_SIGN_IDENTITY = "iPhone Developer: Destiny Makuyana (4AD7C9TLAS)";
				"CODE_SIGN_IDENTITY[sdk=iphoneos*]" = "iPhone Developer: Destiny Makuyana (4AD7C9TLAS)";
				GCC_PRECOMPILE_PREFIX_HEADER = YES;
				GCC_PREFIX_HEADER = "FlappyKanye/FlappyKanye-Prefix.pch";
				INFOPLIST_FILE = "FlappyKanye/FlappyKanye-Info.plist";
				PRODUCT_NAME = FlappyKanye;
				PROVISIONING_PROFILE = "452b3593-669a-4537-a22e-5240448bdd89";
				SPRITEKIT_TEXTURE_ATLAS_OUTPUT = YES;
				WRAPPER_EXTENSION = app;
			};
			name = Debug;
		};
		FA218242198D10990012A94F /* Release */ = {
			isa = XCBuildConfiguration;
			buildSettings = {
				ASSETCATALOG_COMPILER_APPICON_NAME = AppIcon;
				ASSETCATALOG_COMPILER_LAUNCHIMAGE_NAME = LaunchImage;
				CODE_SIGN_IDENTITY = "iPhone Developer: Destiny Makuyana (4AD7C9TLAS)";
				"CODE_SIGN_IDENTITY[sdk=iphoneos*]" = "iPhone Developer: Destiny Makuyana (4AD7C9TLAS)";
				GCC_PRECOMPILE_PREFIX_HEADER = YES;
				GCC_PREFIX_HEADER = "FlappyKanye/FlappyKanye-Prefix.pch";
				INFOPLIST_FILE = "FlappyKanye/FlappyKanye-Info.plist";
				PRODUCT_NAME = FlappyKanye;
				PROVISIONING_PROFILE = "452b3593-669a-4537-a22e-5240448bdd89";
				SPRITEKIT_TEXTURE_ATLAS_OUTPUT = YES;
				WRAPPER_EXTENSION = app;
			};
			name = Release;
		};
		FA218244198D10990012A94F /* Debug */ = {
			isa = XCBuildConfiguration;
			buildSettings = {
				BUNDLE_LOADER = "$(BUILT_PRODUCTS_DIR)/FlappyKanye.app/FlappyKanye";
				FRAMEWORK_SEARCH_PATHS = (
					"$(SDKROOT)/Developer/Library/Frameworks",
					"$(inherited)",
					"$(DEVELOPER_FRAMEWORKS_DIR)",
				);
				GCC_PRECOMPILE_PREFIX_HEADER = YES;
				GCC_PREFIX_HEADER = "FlappyKanye/FlappyKanye-Prefix.pch";
				GCC_PREPROCESSOR_DEFINITIONS = (
					"DEBUG=1",
					"$(inherited)",
				);
				INFOPLIST_FILE = "FlappyKanyeTests/FlappyKanyeTests-Info.plist";
				PRODUCT_NAME = FlappyKanyeTests;
				TEST_HOST = "$(BUNDLE_LOADER)";
				WRAPPER_EXTENSION = xctest;
			};
			name = Debug;
		};
		FA218245198D10990012A94F /* Release */ = {
			isa = XCBuildConfiguration;
			buildSettings = {
				BUNDLE_LOADER = "$(BUILT_PRODUCTS_DIR)/FlappyKanye.app/FlappyKanye";
				FRAMEWORK_SEARCH_PATHS = (
					"$(SDKROOT)/Developer/Library/Frameworks",
					"$(inherited)",
					"$(DEVELOPER_FRAMEWORKS_DIR)",
				);
				GCC_PRECOMPILE_PREFIX_HEADER = YES;
				GCC_PREFIX_HEADER = "FlappyKanye/FlappyKanye-Prefix.pch";
				INFOPLIST_FILE = "FlappyKanyeTests/FlappyKanyeTests-Info.plist";
				PRODUCT_NAME = FlappyKanyeTests;
				TEST_HOST = "$(BUNDLE_LOADER)";
				WRAPPER_EXTENSION = xctest;
			};
			name = Release;
		};
/* End XCBuildConfiguration section */

/* Begin XCConfigurationList section */
		FA218202198D10980012A94F /* Build configuration list for PBXProject "FlappyKanye" */ = {
			isa = XCConfigurationList;
			buildConfigurations = (
				FA21823E198D10990012A94F /* Debug */,
				FA21823F198D10990012A94F /* Release */,
			);
			defaultConfigurationIsVisible = 0;
			defaultConfigurationName = Release;
		};
		FA218240198D10990012A94F /* Build configuration list for PBXNativeTarget "FlappyKanye" */ = {
			isa = XCConfigurationList;
			buildConfigurations = (
				FA218241198D10990012A94F /* Debug */,
				FA218242198D10990012A94F /* Release */,
			);
			defaultConfigurationIsVisible = 0;
			defaultConfigurationName = Release;
		};
		FA218243198D10990012A94F /* Build configuration list for PBXNativeTarget "FlappyKanyeTests" */ = {
			isa = XCConfigurationList;
			buildConfigurations = (
				FA218244198D10990012A94F /* Debug */,
				FA218245198D10990012A94F /* Release */,
			);
			defaultConfigurationIsVisible = 0;
			defaultConfigurationName = Release;
		};
/* End XCConfigurationList section */
	};
	rootObject = FA2181FF198D10980012A94F /* Project object */;
}
